
Microsoft Visual Studio Solution File, Format Version 12.00
Project("{FAE04EC0-301F-11D3-BF4B-00C04F79EFBC}") = "Blog", "Blog\Blog.csproj", "{A3C91F1E-F831-450D-8A16-32FB6A26F70D}"
EndProject
Global
	GlobalSection(SolutionConfigurationPlatforms) = preSolution
		Debug|Any CPU = Debug|Any CPU
		Release|Any CPU = Release|Any CPU
	EndGlobalSection
	GlobalSection(ProjectConfigurationPlatforms) = postSolution
		{A3C91F1E-F831-450D-8A16-32FB6A26F70D}.Debug|Any CPU.ActiveCfg = Debug|Any CPU
		{A3C91F1E-F831-450D-8A16-32FB6A26F70D}.Debug|Any CPU.Build.0 = Debug|Any CPU
		{A3C91F1E-F831-450D-8A16-32FB6A26F70D}.Release|Any CPU.ActiveCfg = Release|Any CPU
		{A3C91F1E-F831-450D-8A16-32FB6A26F70D}.Release|Any CPU.Build.0 = Release|Any CPU
	EndGlobalSection
EndGlobal
